
Microsoft Visual Studio Solution File, Format Version 12.00
# Visual Studio Version 17
VisualStudioVersion = 17.6.33829.357
MinimumVisualStudioVersion = 10.0.40219.1
Project("{F184B08F-C81C-45F6-A57F-5ABD9991F28F}") = "DynDnsPlugIn", "DynDnsPlugIn.vbproj", "{08DE7DF6-6865-491B-B9C3-D568559E50DE}"
EndProject
Project("{2150E333-8FDC-42A3-9474-1A3956D46DE8}") = "Solution Items", "Solution Items", "{1FFAD347-F001-4188-A1B5-0D5D24E20011}"
	ProjectSection(SolutionItems) = preProject
		readme.md = readme.md
		release-notes.txt = release-notes.txt
	EndProjectSection
EndProject
Global
	GlobalSection(SolutionConfigurationPlatforms) = preSolution
		Debug|Any CPU = Debug|Any CPU
		Release|Any CPU = Release|Any CPU
	EndGlobalSection
	GlobalSection(ProjectConfigurationPlatforms) = postSolution
		{08DE7DF6-6865-491B-B9C3-D568559E50DE}.Debug|Any CPU.ActiveCfg = Debug|Any CPU
		{08DE7DF6-6865-491B-B9C3-D568559E50DE}.Debug|Any CPU.Build.0 = Debug|Any CPU
		{08DE7DF6-6865-491B-B9C3-D568559E50DE}.Release|Any CPU.ActiveCfg = Release|Any CPU
		{08DE7DF6-6865-491B-B9C3-D568559E50DE}.Release|Any CPU.Build.0 = Release|Any CPU
	EndGlobalSection
	GlobalSection(SolutionProperties) = preSolution
		HideSolutionNode = FALSE
	EndGlobalSection
	GlobalSection(ExtensibilityGlobals) = postSolution
		SolutionGuid = {D91FF8DC-1D5F-46B4-B4FD-4169A113EEBD}
	EndGlobalSection
EndGlobal
